
Microsoft Visual Studio Solution File, Format Version 12.00
# Visual Studio Version 16
VisualStudioVersion = 16.0.30225.117
MinimumVisualStudioVersion = 10.0.40219.1
Project("{FAE04EC0-301F-11D3-BF4B-00C04F79EFBC}") = "DigitalClock", "DigitalClock.csproj", "{A68ED362-1BC8-400C-B9C3-CF5A56A52C24}"
EndProject
Global
	GlobalSection(SolutionConfigurationPlatforms) = preSolution
		Debug|Any CPU = Debug|Any CPU
		Release|Any CPU = Release|Any CPU
	EndGlobalSection
	GlobalSection(ProjectConfigurationPlatforms) = postSolution
		{A68ED362-1BC8-400C-B9C3-CF5A56A52C24}.Debug|Any CPU.ActiveCfg = Debug|Any CPU
		{A68ED362-1BC8-400C-B9C3-CF5A56A52C24}.Debug|Any CPU.Build.0 = Debug|Any CPU
		{A68ED362-1BC8-400C-B9C3-CF5A56A52C24}.Release|Any CPU.ActiveCfg = Release|Any CPU
		{A68ED362-1BC8-400C-B9C3-CF5A56A52C24}.Release|Any CPU.Build.0 = Release|Any CPU
	EndGlobalSection
	GlobalSection(SolutionProperties) = preSolution
		HideSolutionNode = FALSE
	EndGlobalSection
	GlobalSection(ExtensibilityGlobals) = postSolution
		SolutionGuid = {A3B02BBB-D309-45DD-83EC-44EA85433F59}
	EndGlobalSection
EndGlobal
